
Microsoft Visual Studio Solution File, Format Version 12.00
# Visual Studio Version 17
VisualStudioVersion = 17.9.34728.123
MinimumVisualStudioVersion = 10.0.40219.1
Project("{FAE04EC0-301F-11D3-BF4B-00C04F79EFBC}") = "Dicelator", "Dicelator.csproj", "{E6C4D11E-F879-47B7-9168-E2F50BCDB81A}"
EndProject
Global
	GlobalSection(SolutionConfigurationPlatforms) = preSolution
		Debug|Any CPU = Debug|Any CPU
		Release|Any CPU = Release|Any CPU
	EndGlobalSection
	GlobalSection(ProjectConfigurationPlatforms) = postSolution
		{E6C4D11E-F879-47B7-9168-E2F50BCDB81A}.Debug|Any CPU.ActiveCfg = Debug|Any CPU
		{E6C4D11E-F879-47B7-9168-E2F50BCDB81A}.Debug|Any CPU.Build.0 = Debug|Any CPU
		{E6C4D11E-F879-47B7-9168-E2F50BCDB81A}.Release|Any CPU.ActiveCfg = Release|Any CPU
		{E6C4D11E-F879-47B7-9168-E2F50BCDB81A}.Release|Any CPU.Build.0 = Release|Any CPU
	EndGlobalSection
	GlobalSection(SolutionProperties) = preSolution
		HideSolutionNode = FALSE
	EndGlobalSection
	GlobalSection(ExtensibilityGlobals) = postSolution
		SolutionGuid = {6E450429-C9A5-40FB-A4F9-9FE76DB30DD6}
	EndGlobalSection
EndGlobal
